{
  "name": "CBRLOL - PredictStudio",
  "lockfileVersion": 2,
  "requires": true,
  "packages": {
    "": {
      "dependencies": {
        "typeface-montserrat": "^1.1.13"
      }
    },
    "node_modules/typeface-montserrat": {
      "version": "1.1.13",
      "resolved": "https://registry.npmjs.org/typeface-montserrat/-/typeface-montserrat-1.1.13.tgz",
      "integrity": "sha512-Pklkyj0e+K+6I/t0M6JBDBphpfJkF1k+3qd8qDnp9aVtCC7oGBQWTAcL6+5eArfGe7h73uPwyal73hEkf9YCUA=="
    }
  },
  "dependencies": {
    "typeface-montserrat": {
      "version": "1.1.13",
      "resolved": "https://registry.npmjs.org/typeface-montserrat/-/typeface-montserrat-1.1.13.tgz",
      "integrity": "sha512-Pklkyj0e+K+6I/t0M6JBDBphpfJkF1k+3qd8qDnp9aVtCC7oGBQWTAcL6+5eArfGe7h73uPwyal73hEkf9YCUA=="
    }
  }
}
